// !$*UTF8*$!
{
	archiveVersion = 1;
	classes = {
	};
	objectVersion = 46;
	objects = {

/* Begin PBXBuildFile section */
		6C4F17D41ACD95AF0069C2B8 /* main.m in Sources */ = {isa = PBXBuildFile; fileRef = 6C4F17D31ACD95AF0069C2B8 /* main.m */; };
		6C4F17D71ACD95AF0069C2B8 /* AppDelegate.m in Sources */ = {isa = PBXBuildFile; fileRef = 6C4F17D61ACD95AF0069C2B8 /* AppDelegate.m */; };
		6C4F17DA1ACD95AF0069C2B8 /* ViewController.m in Sources */ = {isa = PBXBuildFile; fileRef = 6C4F17D91ACD95AF0069C2B8 /* ViewController.m */; };
		6C4F17DD1ACD95AF0069C2B8 /* Main.storyboard in Resources */ = {isa = PBXBuildFile; fileRef = 6C4F17DB1ACD95AF0069C2B8 /* Main.storyboard */; };
		6C4F17DF1ACD95AF0069C2B8 /* Images.xcassets in Resources */ = {isa = PBXBuildFile; fileRef = 6C4F17DE1ACD95AF0069C2B8 /* Images.xcassets */; };
		6C4F17E21ACD95AF0069C2B8 /* LaunchScreen.xib in Resources */ = {isa = PBXBuildFile; fileRef = 6C4F17E01ACD95AF0069C2B8 /* LaunchScreen.xib */; };
		6C4F17EE1ACD95AF0069C2B8 /* HomeWork_23Tests.m in Sources */ = {isa = PBXBuildFile; fileRef = 6C4F17ED1ACD95AF0069C2B8 /* HomeWork_23Tests.m */; };
		6CAC7AC41BC99E440044B0A1 /* 1.tiff in Resources */ = {isa = PBXBuildFile; fileRef = 6CAC7ABC1BC99E440044B0A1 /* 1.tiff */; };
		6CAC7AC51BC99E440044B0A1 /* 2.tiff in Resources */ = {isa = PBXBuildFile; fileRef = 6CAC7ABD1BC99E440044B0A1 /* 2.tiff */; };
		6CAC7AC61BC99E440044B0A1 /* 3.tiff in Resources */ = {isa = PBXBuildFile; fileRef = 6CAC7ABE1BC99E440044B0A1 /* 3.tiff */; };
		6CAC7AC71BC99E440044B0A1 /* 4.tiff in Resources */ = {isa = PBXBuildFile; fileRef = 6CAC7ABF1BC99E440044B0A1 /* 4.tiff */; };
		6CAC7AC81BC99E440044B0A1 /* 5.tiff in Resources */ = {isa = PBXBuildFile; fileRef = 6CAC7AC01BC99E440044B0A1 /* 5.tiff */; };
		6CAC7AC91BC99E440044B0A1 /* 6.tiff in Resources */ = {isa = PBXBuildFile; fileRef = 6CAC7AC11BC99E440044B0A1 /* 6.tiff */; };
		6CAC7ACA1BC99E440044B0A1 /* 7.tiff in Resources */ = {isa = PBXBuildFile; fileRef = 6CAC7AC21BC99E440044B0A1 /* 7.tiff */; };
		6CAC7ACB1BC99E440044B0A1 /* 8.tiff in Resources */ = {isa = PBXBuildFile; fileRef = 6CAC7AC31BC99E440044B0A1 /* 8.tiff */; };
/* End PBXBuildFile section */

/* Begin PBXContainerItemProxy section */
		6C4F17E81ACD95AF0069C2B8 /* PBXContainerItemProxy */ = {
			isa = PBXContainerItemProxy;
			containerPortal = 6C4F17C61ACD95AF0069C2B8 /* Project object */;
			proxyType = 1;
			remoteGlobalIDString = 6C4F17CD1ACD95AF0069C2B8;
			remoteInfo = HomeWork_23;
		};
/* End PBXContainerItemProxy section */

/* Begin PBXFileReference section */
		6C4F17CE1ACD95AF0069C2B8 /* HomeWork_23.app */ = {isa = PBXFileReference; explicitFileType = wrapper.application; includeInIndex = 0; path = HomeWork_23.app; sourceTree = BUILT_PRODUCTS_DIR; };
		6C4F17D21ACD95AF0069C2B8 /* Info.plist */ = {isa = PBXFileReference; lastKnownFileType = text.plist.xml; path = Info.plist; sourceTree = "<group>"; };
		6C4F17D31ACD95AF0069C2B8 /* main.m */ = {isa = PBXFileReference; lastKnownFileType = sourcecode.c.objc; path = main.m; sourceTree = "<group>"; };
		6C4F17D51ACD95AF0069C2B8 /* AppDelegate.h */ = {isa = PBXFileReference; lastKnownFileType = sourcecode.c.h; path = AppDelegate.h; sourceTree = "<group>"; };
		6C4F17D61ACD95AF0069C2B8 /* AppDelegate.m */ = {isa = PBXFileReference; lastKnownFileType = sourcecode.c.objc; path = AppDelegate.m; sourceTree = "<group>"; };
		6C4F17D81ACD95AF0069C2B8 /* ViewController.h */ = {isa = PBXFileReference; lastKnownFileType = sourcecode.c.h; path = ViewController.h; sourceTree = "<group>"; };
		6C4F17D91ACD95AF0069C2B8 /* ViewController.m */ = {isa = PBXFileReference; lastKnownFileType = sourcecode.c.objc; path = ViewController.m; sourceTree = "<group>"; };
		6C4F17DC1ACD95AF0069C2B8 /* Base */ = {isa = PBXFileReference; lastKnownFileType = file.storyboard; name = Base; path = Base.lproj/Main.storyboard; sourceTree = "<group>"; };
		6C4F17DE1ACD95AF0069C2B8 /* Images.xcassets */ = {isa = PBXFileReference; lastKnownFileType = folder.assetcatalog; path = Images.xcassets; sourceTree = "<group>"; };
		6C4F17E11ACD95AF0069C2B8 /* Base */ = {isa = PBXFileReference; lastKnownFileType = file.xib; name = Base; path = Base.lproj/LaunchScreen.xib; sourceTree = "<group>"; };
		6C4F17E71ACD95AF0069C2B8 /* HomeWork_23Tests.xctest */ = {isa = PBXFileReference; explicitFileType = wrapper.cfbundle; includeInIndex = 0; path = HomeWork_23Tests.xctest; sourceTree = BUILT_PRODUCTS_DIR; };
		6C4F17EC1ACD95AF0069C2B8 /* Info.plist */ = {isa = PBXFileReference; lastKnownFileType = text.plist.xml; path = Info.plist; sourceTree = "<group>"; };
		6C4F17ED1ACD95AF0069C2B8 /* HomeWork_23Tests.m */ = {isa = PBXFileReference; lastKnownFileType = sourcecode.c.objc; path = HomeWork_23Tests.m; sourceTree = "<group>"; };
		6CAC7ABC1BC99E440044B0A1 /* 1.tiff */ = {isa = PBXFileReference; lastKnownFileType = image.tiff; path = 1.tiff; sourceTree = "<group>"; };
		6CAC7ABD1BC99E440044B0A1 /* 2.tiff */ = {isa = PBXFileReference; lastKnownFileType = image.tiff; path = 2.tiff; sourceTree = "<group>"; };
		6CAC7ABE1BC99E440044B0A1 /* 3.tiff */ = {isa = PBXFileReference; lastKnownFileType = image.tiff; path = 3.tiff; sourceTree = "<group>"; };
		6CAC7ABF1BC99E440044B0A1 /* 4.tiff */ = {isa = PBXFileReference; lastKnownFileType = image.tiff; path = 4.tiff; sourceTree = "<group>"; };
		6CAC7AC01BC99E440044B0A1 /* 5.tiff */ = {isa = PBXFileReference; lastKnownFileType = image.tiff; path = 5.tiff; sourceTree = "<group>"; };
		6CAC7AC11BC99E440044B0A1 /* 6.tiff */ = {isa = PBXFileReference; lastKnownFileType = image.tiff; path = 6.tiff; sourceTree = "<group>"; };
		6CAC7AC21BC99E440044B0A1 /* 7.tiff */ = {isa = PBXFileReference; lastKnownFileType = image.tiff; path = 7.tiff; sourceTree = "<group>"; };
		6CAC7AC31BC99E440044B0A1 /* 8.tiff */ = {isa = PBXFileReference; lastKnownFileType = image.tiff; path = 8.tiff; sourceTree = "<group>"; };
/* End PBXFileReference section */

/* Begin PBXFrameworksBuildPhase section */
		6C4F17CB1ACD95AF0069C2B8 /* Frameworks */ = {
			isa = PBXFrameworksBuildPhase;
			buildActionMask = 2147483647;
			files = (
			);
			runOnlyForDeploymentPostprocessing = 0;
		};
		6C4F17E41ACD95AF0069C2B8 /* Frameworks */ = {
			isa = PBXFrameworksBuildPhase;
			buildActionMask = 2147483647;
			files = (
			);
			runOnlyForDeploymentPostprocessing = 0;
		};
/* End PBXFrameworksBuildPhase section */

/* Begin PBXGroup section */
		6C4F17C51ACD95AF0069C2B8 = {
			isa = PBXGroup;
			children = (
				6C64E2711ACE659D00E6EC19 /* scoobyDo */,
				6C4F18311ACDA09C0069C2B8 /* babImage */,
				6C4F17D01ACD95AF0069C2B8 /* HomeWork_23 */,
			);
			sourceTree = "<group>";
		};
		6C4F17CF1ACD95AF0069C2B8 /* Products */ = {
			isa = PBXGroup;
			children = (
				6C4F17CE1ACD95AF0069C2B8 /* HomeWork_23.app */,
				6C4F17E71ACD95AF0069C2B8 /* HomeWork_23Tests.xctest */,
			);
			name = Products;
			path = ..;
			sourceTree = "<group>";
		};
		6C4F17D01ACD95AF0069C2B8 /* HomeWork_23 */ = {
			isa = PBXGroup;
			children = (
				6C4F17F71ACD95E90069C2B8 /* myImage */,
				6C4F17D51ACD95AF0069C2B8 /* AppDelegate.h */,
				6C4F17D61ACD95AF0069C2B8 /* AppDelegate.m */,
				6C4F17D81ACD95AF0069C2B8 /* ViewController.h */,
				6C4F17D91ACD95AF0069C2B8 /* ViewController.m */,
				6C4F17D11ACD95AF0069C2B8 /* Supporting Files */,
			);
			path = HomeWork_23;
			sourceTree = "<group>";
		};
		6C4F17D11ACD95AF0069C2B8 /* Supporting Files */ = {
			isa = PBXGroup;
			children = (
				6C4F17EA1ACD95AF0069C2B8 /* HomeWork_23Tests */,
				6C4F17CF1ACD95AF0069C2B8 /* Products */,
				6C4F17DB1ACD95AF0069C2B8 /* Main.storyboard */,
				6C4F17DE1ACD95AF0069C2B8 /* Images.xcassets */,
				6C4F17E01ACD95AF0069C2B8 /* LaunchScreen.xib */,
				6C4F17D21ACD95AF0069C2B8 /* Info.plist */,
				6C4F17D31ACD95AF0069C2B8 /* main.m */,
			);
			name = "Supporting Files";
			sourceTree = "<group>";
		};
		6C4F17EA1ACD95AF0069C2B8 /* HomeWork_23Tests */ = {
			isa = PBXGroup;
			children = (
				6C4F17ED1ACD95AF0069C2B8 /* HomeWork_23Tests.m */,
				6C4F17EB1ACD95AF0069C2B8 /* Supporting Files */,
			);
			path = HomeWork_23Tests;
			sourceTree = SOURCE_ROOT;
		};
		6C4F17EB1ACD95AF0069C2B8 /* Supporting Files */ = {
			isa = PBXGroup;
			children = (
				6C4F17EC1ACD95AF0069C2B8 /* Info.plist */,
			);
			name = "Supporting Files";
			sourceTree = "<group>";
		};
		6C4F17F71ACD95E90069C2B8 /* myImage */ = {
			isa = PBXGroup;
			children = (
				6CAC7ABB1BC99E440044B0A1 /* animateImage */,
			);
			path = myImage;
			sourceTree = "<group>";
		};
		6C4F18311ACDA09C0069C2B8 /* babImage */ = {
			isa = PBXGroup;
			children = (
			);
			name = babImage;
			path = HomeWork_23/babImage;
			sourceTree = "<group>";
		};
		6C64E2711ACE659D00E6EC19 /* scoobyDo */ = {
			isa = PBXGroup;
			children = (
			);
			name = scoobyDo;
			path = HomeWork_23/scoobyDo;
			sourceTree = "<group>";
		};
		6CAC7ABB1BC99E440044B0A1 /* animateImage */ = {
			isa = PBXGroup;
			children = (
				6CAC7ABC1BC99E440044B0A1 /* 1.tiff */,
				6CAC7ABD1BC99E440044B0A1 /* 2.tiff */,
				6CAC7ABE1BC99E440044B0A1 /* 3.tiff */,
				6CAC7ABF1BC99E440044B0A1 /* 4.tiff */,
				6CAC7AC01BC99E440044B0A1 /* 5.tiff */,
				6CAC7AC11BC99E440044B0A1 /* 6.tiff */,
				6CAC7AC21BC99E440044B0A1 /* 7.tiff */,
				6CAC7AC31BC99E440044B0A1 /* 8.tiff */,
			);
			path = animateImage;
			sourceTree = "<group>";
		};
/* End PBXGroup section */

/* Begin PBXNativeTarget section */
		6C4F17CD1ACD95AF0069C2B8 /* HomeWork_23 */ = {
			isa = PBXNativeTarget;
			buildConfigurationList = 6C4F17F11ACD95AF0069C2B8 /* Build configuration list for PBXNativeTarget "HomeWork_23" */;
			buildPhases = (
				6C4F17CA1ACD95AF0069C2B8 /* Sources */,
				6C4F17CB1ACD95AF0069C2B8 /* Frameworks */,
				6C4F17CC1ACD95AF0069C2B8 /* Resources */,
			);
			buildRules = (
			);
			dependencies = (
			);
			name = HomeWork_23;
			productName = HomeWork_23;
			productReference = 6C4F17CE1ACD95AF0069C2B8 /* HomeWork_23.app */;
			productType = "com.apple.product-type.application";
		};
		6C4F17E61ACD95AF0069C2B8 /* HomeWork_23Tests */ = {
			isa = PBXNativeTarget;
			buildConfigurationList = 6C4F17F41ACD95AF0069C2B8 /* Build configuration list for PBXNativeTarget "HomeWork_23Tests" */;
			buildPhases = (
				6C4F17E31ACD95AF0069C2B8 /* Sources */,
				6C4F17E41ACD95AF0069C2B8 /* Frameworks */,
				6C4F17E51ACD95AF0069C2B8 /* Resources */,
			);
			buildRules = (
			);
			dependencies = (
				6C4F17E91ACD95AF0069C2B8 /* PBXTargetDependency */,
			);
			name = HomeWork_23Tests;
			productName = HomeWork_23Tests;
			productReference = 6C4F17E71ACD95AF0069C2B8 /* HomeWork_23Tests.xctest */;
			productType = "com.apple.product-type.bundle.unit-test";
		};
/* End PBXNativeTarget section */

/* Begin PBXProject section */
		6C4F17C61ACD95AF0069C2B8 /* Project object */ = {
			isa = PBXProject;
			attributes = {
				LastUpgradeCheck = 0610;
				ORGANIZATIONNAME = hh;
				TargetAttributes = {
					6C4F17CD1ACD95AF0069C2B8 = {
						CreatedOnToolsVersion = 6.1;
					};
					6C4F17E61ACD95AF0069C2B8 = {
						CreatedOnToolsVersion = 6.1;
						TestTargetID = 6C4F17CD1ACD95AF0069C2B8;
					};
				};
			};
			buildConfigurationList = 6C4F17C91ACD95AF0069C2B8 /* Build configuration list for PBXProject "HomeWork_23" */;
			compatibilityVersion = "Xcode 3.2";
			developmentRegion = English;
			hasScannedForEncodings = 0;
			knownRegions = (
				en,
				Base,
			);
			mainGroup = 6C4F17C51ACD95AF0069C2B8;
			productRefGroup = 6C4F17CF1ACD95AF0069C2B8 /* Products */;
			projectDirPath = "";
			projectRoot = "";
			targets = (
				6C4F17CD1ACD95AF0069C2B8 /* HomeWork_23 */,
				6C4F17E61ACD95AF0069C2B8 /* HomeWork_23Tests */,
			);
		};
/* End PBXProject section */

/* Begin PBXResourcesBuildPhase section */
		6C4F17CC1ACD95AF0069C2B8 /* Resources */ = {
			isa = PBXResourcesBuildPhase;
			buildActionMask = 2147483647;
			files = (
				6CAC7ACA1BC99E440044B0A1 /* 7.tiff in Resources */,
				6CAC7ACB1BC99E440044B0A1 /* 8.tiff in Resources */,
				6CAC7AC51BC99E440044B0A1 /* 2.tiff in Resources */,
				6C4F17DD1ACD95AF0069C2B8 /* Main.storyboard in Resources */,
				6CAC7AC81BC99E440044B0A1 /* 5.tiff in Resources */,
				6C4F17E21ACD95AF0069C2B8 /* LaunchScreen.xib in Resources */,
				6CAC7AC91BC99E440044B0A1 /* 6.tiff in Resources */,
				6CAC7AC41BC99E440044B0A1 /* 1.tiff in Resources */,
				6CAC7AC61BC99E440044B0A1 /* 3.tiff in Resources */,
				6C4F17DF1ACD95AF0069C2B8 /* Images.xcassets in Resources */,
				6CAC7AC71BC99E440044B0A1 /* 4.tiff in Resources */,
			);
			runOnlyForDeploymentPostprocessing = 0;
		};
		6C4F17E51ACD95AF0069C2B8 /* Resources */ = {
			isa = PBXResourcesBuildPhase;
			buildActionMask = 2147483647;
			files = (
			);
			runOnlyForDeploymentPostprocessing = 0;
		};
/* End PBXResourcesBuildPhase section */

/* Begin PBXSourcesBuildPhase section */
		6C4F17CA1ACD95AF0069C2B8 /* Sources */ = {
			isa = PBXSourcesBuildPhase;
			buildActionMask = 2147483647;
			files = (
				6C4F17DA1ACD95AF0069C2B8 /* ViewController.m in Sources */,
				6C4F17D71ACD95AF0069C2B8 /* AppDelegate.m in Sources */,
				6C4F17D41ACD95AF0069C2B8 /* main.m in Sources */,
			);
			runOnlyForDeploymentPostprocessing = 0;
		};
		6C4F17E31ACD95AF0069C2B8 /* Sources */ = {
			isa = PBXSourcesBuildPhase;
			buildActionMask = 2147483647;
			files = (
				6C4F17EE1ACD95AF0069C2B8 /* HomeWork_23Tests.m in Sources */,
			);
			runOnlyForDeploymentPostprocessing = 0;
		};
/* End PBXSourcesBuildPhase section */

/* Begin PBXTargetDependency section */
		6C4F17E91ACD95AF0069C2B8 /* PBXTargetDependency */ = {
			isa = PBXTargetDependency;
			target = 6C4F17CD1ACD95AF0069C2B8 /* HomeWork_23 */;
			targetProxy = 6C4F17E81ACD95AF0069C2B8 /* PBXContainerItemProxy */;
		};
/* End PBXTargetDependency section */

/* Begin PBXVariantGroup section */
		6C4F17DB1ACD95AF0069C2B8 /* Main.storyboard */ = {
			isa = PBXVariantGroup;
			children = (
				6C4F17DC1ACD95AF0069C2B8 /* Base */,
			);
			name = Main.storyboard;
			sourceTree = "<group>";
		};
		6C4F17E01ACD95AF0069C2B8 /* LaunchScreen.xib */ = {
			isa = PBXVariantGroup;
			children = (
				6C4F17E11ACD95AF0069C2B8 /* Base */,
			);
			name = LaunchScreen.xib;
			sourceTree = "<group>";
		};
/* End PBXVariantGroup section */

/* Begin XCBuildConfiguration section */
		6C4F17EF1ACD95AF0069C2B8 /* Debug */ = {
			isa = XCBuildConfiguration;
			buildSettings = {
				ALWAYS_SEARCH_USER_PATHS = NO;
				CLANG_CXX_LANGUAGE_STANDARD = "gnu++0x";
				CLANG_CXX_LIBRARY = "libc++";
				CLANG_ENABLE_MODULES = YES;
				CLANG_ENABLE_OBJC_ARC = YES;
				CLANG_WARN_BOOL_CONVERSION = YES;
				CLANG_WARN_CONSTANT_CONVERSION = YES;
				CLANG_WARN_DIRECT_OBJC_ISA_USAGE = YES_ERROR;
				CLANG_WARN_EMPTY_BODY = YES;
				CLANG_WARN_ENUM_CONVERSION = YES;
				CLANG_WARN_INT_CONVERSION = YES;
				CLANG_WARN_OBJC_ROOT_CLASS = YES_ERROR;
				CLANG_WARN_UNREACHABLE_CODE = YES;
				CLANG_WARN__DUPLICATE_METHOD_MATCH = YES;
				"CODE_SIGN_IDENTITY[sdk=iphoneos*]" = "iPhone Developer";
				COPY_PHASE_STRIP = NO;
				ENABLE_STRICT_OBJC_MSGSEND = YES;
				GCC_C_LANGUAGE_STANDARD = gnu99;
				GCC_DYNAMIC_NO_PIC = NO;
				GCC_OPTIMIZATION_LEVEL = 0;
				GCC_PREPROCESSOR_DEFINITIONS = (
					"DEBUG=1",
					"$(inherited)",
				);
				GCC_SYMBOLS_PRIVATE_EXTERN = NO;
				GCC_WARN_64_TO_32_BIT_CONVERSION = YES;
				GCC_WARN_ABOUT_RETURN_TYPE = YES_ERROR;
				GCC_WARN_UNDECLARED_SELECTOR = YES;
				GCC_WARN_UNINITIALIZED_AUTOS = YES_AGGRESSIVE;
				GCC_WARN_UNUSED_FUNCTION = YES;
				GCC_WARN_UNUSED_VARIABLE = YES;
				IPHONEOS_DEPLOYMENT_TARGET = 8.1;
				MTL_ENABLE_DEBUG_INFO = YES;
				ONLY_ACTIVE_ARCH = YES;
				SDKROOT = iphoneos;
				TARGETED_DEVICE_FAMILY = 2;
			};
			name = Debug;
		};
		6C4F17F01ACD95AF0069C2B8 /* Release */ = {
			isa = XCBuildConfiguration;
			buildSettings = {
				ALWAYS_SEARCH_USER_PATHS = NO;
				CLANG_CXX_LANGUAGE_STANDARD = "gnu++0x";
				CLANG_CXX_LIBRARY = "libc++";
				CLANG_ENABLE_MODULES = YES;
				CLANG_ENABLE_OBJC_ARC = YES;
				CLANG_WARN_BOOL_CONVERSION = YES;
				CLANG_WARN_CONSTANT_CONVERSION = YES;
				CLANG_WARN_DIRECT_OBJC_ISA_USAGE = YES_ERROR;
				CLANG_WARN_EMPTY_BODY = YES;
				CLANG_WARN_ENUM_CONVERSION = YES;
				CLANG_WARN_INT_CONVERSION = YES;
				CLANG_WARN_OBJC_ROOT_CLASS = YES_ERROR;
				CLANG_WARN_UNREACHABLE_CODE = YES;
				CLANG_WARN__DUPLICATE_METHOD_MATCH = YES;
				"CODE_SIGN_IDENTITY[sdk=iphoneos*]" = "iPhone Developer";
				COPY_PHASE_STRIP = YES;
				ENABLE_NS_ASSERTIONS = NO;
				ENABLE_STRICT_OBJC_MSGSEND = YES;
				GCC_C_LANGUAGE_STANDARD = gnu99;
				GCC_WARN_64_TO_32_BIT_CONVERSION = YES;
				GCC_WARN_ABOUT_RETURN_TYPE = YES_ERROR;
				GCC_WARN_UNDECLARED_SELECTOR = YES;
				GCC_WARN_UNINITIALIZED_AUTOS = YES_AGGRESSIVE;
				GCC_WARN_UNUSED_FUNCTION = YES;
				GCC_WARN_UNUSED_VARIABLE = YES;
				IPHONEOS_DEPLOYMENT_TARGET = 8.1;
				MTL_ENABLE_DEBUG_INFO = NO;
				SDKROOT = iphoneos;
				TARGETED_DEVICE_FAMILY = 2;
				VALIDATE_PRODUCT = YES;
			};
			name = Release;
		};
		6C4F17F21ACD95AF0069C2B8 /* Debug */ = {
			isa = XCBuildConfiguration;
			buildSettings = {
				ASSETCATALOG_COMPILER_APPICON_NAME = AppIcon;
				INFOPLIST_FILE = HomeWork_23/Info.plist;
				LD_RUNPATH_SEARCH_PATHS = "$(inherited) @executable_path/Frameworks";
				PRODUCT_NAME = "$(TARGET_NAME)";
			};
			name = Debug;
		};
		6C4F17F31ACD95AF0069C2B8 /* Release */ = {
			isa = XCBuildConfiguration;
			buildSettings = {
				ASSETCATALOG_COMPILER_APPICON_NAME = AppIcon;
				INFOPLIST_FILE = HomeWork_23/Info.plist;
				LD_RUNPATH_SEARCH_PATHS = "$(inherited) @executable_path/Frameworks";
				PRODUCT_NAME = "$(TARGET_NAME)";
			};
			name = Release;
		};
		6C4F17F51ACD95AF0069C2B8 /* Debug */ = {
			isa = XCBuildConfiguration;
			buildSettings = {
				BUNDLE_LOADER = "$(TEST_HOST)";
				FRAMEWORK_SEARCH_PATHS = (
					"$(SDKROOT)/Developer/Library/Frameworks",
					"$(inherited)",
				);
				GCC_PREPROCESSOR_DEFINITIONS = (
					"DEBUG=1",
					"$(inherited)",
				);
				INFOPLIST_FILE = HomeWork_23Tests/Info.plist;
				LD_RUNPATH_SEARCH_PATHS = "$(inherited) @executable_path/Frameworks @loader_path/Frameworks";
				PRODUCT_NAME = "$(TARGET_NAME)";
				TEST_HOST = "$(BUILT_PRODUCTS_DIR)/HomeWork_23.app/HomeWork_23";
			};
			name = Debug;
		};
		6C4F17F61ACD95AF0069C2B8 /* Release */ = {
			isa = XCBuildConfiguration;
			buildSettings = {
				BUNDLE_LOADER = "$(TEST_HOST)";
				FRAMEWORK_SEARCH_PATHS = (
					"$(SDKROOT)/Developer/Library/Frameworks",
					"$(inherited)",
				);
				INFOPLIST_FILE = HomeWork_23Tests/Info.plist;
				LD_RUNPATH_SEARCH_PATHS = "$(inherited) @executable_path/Frameworks @loader_path/Frameworks";
				PRODUCT_NAME = "$(TARGET_NAME)";
				TEST_HOST = "$(BUILT_PRODUCTS_DIR)/HomeWork_23.app/HomeWork_23";
			};
			name = Release;
		};
/* End XCBuildConfiguration section */

/* Begin XCConfigurationList section */
		6C4F17C91ACD95AF0069C2B8 /* Build configuration list for PBXProject "HomeWork_23" */ = {
			isa = XCConfigurationList;
			buildConfigurations = (
				6C4F17EF1ACD95AF0069C2B8 /* Debug */,
				6C4F17F01ACD95AF0069C2B8 /* Release */,
			);
			defaultConfigurationIsVisible = 0;
			defaultConfigurationName = Release;
		};
		6C4F17F11ACD95AF0069C2B8 /* Build configuration list for PBXNativeTarget "HomeWork_23" */ = {
			isa = XCConfigurationList;
			buildConfigurations = (
				6C4F17F21ACD95AF0069C2B8 /* Debug */,
				6C4F17F31ACD95AF0069C2B8 /* Release */,
			);
			defaultConfigurationIsVisible = 0;
			defaultConfigurationName = Release;
		};
		6C4F17F41ACD95AF0069C2B8 /* Build configuration list for PBXNativeTarget "HomeWork_23Tests" */ = {
			isa = XCConfigurationList;
			buildConfigurations = (
				6C4F17F51ACD95AF0069C2B8 /* Debug */,
				6C4F17F61ACD95AF0069C2B8 /* Release */,
			);
			defaultConfigurationIsVisible = 0;
			defaultConfigurationName = Release;
		};
/* End XCConfigurationList section */
	};
	rootObject = 6C4F17C61ACD95AF0069C2B8 /* Project object */;
}
